
Microsoft Visual Studio Solution File, Format Version 12.00
# Visual Studio Version 16
VisualStudioVersion = 16.0.30523.141
MinimumVisualStudioVersion = 10.0.40219.1
Project("{FAE04EC0-301F-11D3-BF4B-00C04F79EFBC}") = "BookDetail", "BookDetail\BookDetail.csproj", "{EBDFB22D-89DF-460D-BA1D-22C098325B3A}"
EndProject
Global
	GlobalSection(SolutionConfigurationPlatforms) = preSolution
		Debug|Any CPU = Debug|Any CPU
		Release|Any CPU = Release|Any CPU
	EndGlobalSection
	GlobalSection(ProjectConfigurationPlatforms) = postSolution
		{EBDFB22D-89DF-460D-BA1D-22C098325B3A}.Debug|Any CPU.ActiveCfg = Debug|Any CPU
		{EBDFB22D-89DF-460D-BA1D-22C098325B3A}.Debug|Any CPU.Build.0 = Debug|Any CPU
		{EBDFB22D-89DF-460D-BA1D-22C098325B3A}.Release|Any CPU.ActiveCfg = Release|Any CPU
		{EBDFB22D-89DF-460D-BA1D-22C098325B3A}.Release|Any CPU.Build.0 = Release|Any CPU
	EndGlobalSection
	GlobalSection(SolutionProperties) = preSolution
		HideSolutionNode = FALSE
	EndGlobalSection
	GlobalSection(ExtensibilityGlobals) = postSolution
		SolutionGuid = {F9309464-EFE4-4673-AFF4-689BAAE9795A}
	EndGlobalSection
EndGlobal
